
Microsoft Visual Studio Solution File, Format Version 12.00
# Visual Studio Version 17
VisualStudioVersion = 17.2.32526.322
MinimumVisualStudioVersion = 10.0.40219.1
Project("{2150E333-8FDC-42A3-9474-1A3956D46DE8}") = "Lib", "Lib", "{BB4BF3C6-062D-4DEA-97CB-924EC6128E0F}"
EndProject
Project("{9A19103F-16F7-4668-BE54-9A1E7A4F7556}") = "PixelByProxy.Asus.Router", "Lib\PixelByProxy.Asus.Router.csproj", "{B626E7AF-A4E2-4644-9C89-132B27E02637}"
EndProject
Global
	GlobalSection(SolutionConfigurationPlatforms) = preSolution
		Debug|Any CPU = Debug|Any CPU
		Release|Any CPU = Release|Any CPU
	EndGlobalSection
	GlobalSection(ProjectConfigurationPlatforms) = postSolution
		{B626E7AF-A4E2-4644-9C89-132B27E02637}.Debug|Any CPU.ActiveCfg = Debug|Any CPU
		{B626E7AF-A4E2-4644-9C89-132B27E02637}.Debug|Any CPU.Build.0 = Debug|Any CPU
		{B626E7AF-A4E2-4644-9C89-132B27E02637}.Release|Any CPU.ActiveCfg = Release|Any CPU
		{B626E7AF-A4E2-4644-9C89-132B27E02637}.Release|Any CPU.Build.0 = Release|Any CPU
	EndGlobalSection
	GlobalSection(SolutionProperties) = preSolution
		HideSolutionNode = FALSE
	EndGlobalSection
	GlobalSection(NestedProjects) = preSolution
		{B626E7AF-A4E2-4644-9C89-132B27E02637} = {BB4BF3C6-062D-4DEA-97CB-924EC6128E0F}
	EndGlobalSection
	GlobalSection(ExtensibilityGlobals) = postSolution
		SolutionGuid = {03087ADB-5715-4FCF-972A-F248379C16AE}
	EndGlobalSection
EndGlobal
